// !$*UTF8*$!
{
	archiveVersion = 1;
	classes = {
	};
	objectVersion = 56;
	objects = {

/* Begin PBXBuildFile section */
		D701F92D2927609400DE5B44 /* HomeView.swift in Sources */ = {isa = PBXBuildFile; fileRef = D701F92C2927609400DE5B44 /* HomeView.swift */; };
		D701F9312927616600DE5B44 /* ScreenHelper.swift in Sources */ = {isa = PBXBuildFile; fileRef = D701F9302927616600DE5B44 /* ScreenHelper.swift */; };
		D701F9342927BA5700DE5B44 /* Section.swift in Sources */ = {isa = PBXBuildFile; fileRef = D701F9332927BA5700DE5B44 /* Section.swift */; };
		D733C9AA291B8B0B007B7DBB /* Color+Extensions.swift in Sources */ = {isa = PBXBuildFile; fileRef = D733C9A9291B8B0B007B7DBB /* Color+Extensions.swift */; };
		D733C9AC291B8B18007B7DBB /* Image+Exensions.swift in Sources */ = {isa = PBXBuildFile; fileRef = D733C9AB291B8B18007B7DBB /* Image+Exensions.swift */; };
		D7364DBA29266F8C007B5239 /* MenuView.swift in Sources */ = {isa = PBXBuildFile; fileRef = D7364DB929266F8C007B5239 /* MenuView.swift */; };
		D7364DBC29268D4C007B5239 /* Home.swift in Sources */ = {isa = PBXBuildFile; fileRef = D7364DBB29268D4C007B5239 /* Home.swift */; };
		D7E2563C291A9C74008509DB /* CoursesApp.swift in Sources */ = {isa = PBXBuildFile; fileRef = D7E2563B291A9C74008509DB /* CoursesApp.swift */; };
		D7E2563E291A9C74008509DB /* ContentView.swift in Sources */ = {isa = PBXBuildFile; fileRef = D7E2563D291A9C74008509DB /* ContentView.swift */; };
		D7E25640291A9C76008509DB /* Assets.xcassets in Resources */ = {isa = PBXBuildFile; fileRef = D7E2563F291A9C76008509DB /* Assets.xcassets */; };
		D7E25643291A9C76008509DB /* Preview Assets.xcassets in Resources */ = {isa = PBXBuildFile; fileRef = D7E25642291A9C76008509DB /* Preview Assets.xcassets */; };
		D7E2564D291A9C77008509DB /* CoursesTests.swift in Sources */ = {isa = PBXBuildFile; fileRef = D7E2564C291A9C77008509DB /* CoursesTests.swift */; };
		D7E25657291A9C77008509DB /* CoursesUITests.swift in Sources */ = {isa = PBXBuildFile; fileRef = D7E25656291A9C77008509DB /* CoursesUITests.swift */; };
		D7E25659291A9C77008509DB /* CoursesUITestsLaunchTests.swift in Sources */ = {isa = PBXBuildFile; fileRef = D7E25658291A9C77008509DB /* CoursesUITestsLaunchTests.swift */; };
/* End PBXBuildFile section */

/* Begin PBXContainerItemProxy section */
		D7E25649291A9C77008509DB /* PBXContainerItemProxy */ = {
			isa = PBXContainerItemProxy;
			containerPortal = D7E25630291A9C74008509DB /* Project object */;
			proxyType = 1;
			remoteGlobalIDString = D7E25637291A9C74008509DB;
			remoteInfo = Courses;
		};
		D7E25653291A9C77008509DB /* PBXContainerItemProxy */ = {
			isa = PBXContainerItemProxy;
			containerPortal = D7E25630291A9C74008509DB /* Project object */;
			proxyType = 1;
			remoteGlobalIDString = D7E25637291A9C74008509DB;
			remoteInfo = Courses;
		};
/* End PBXContainerItemProxy section */

/* Begin PBXFileReference section */
		D701F92C2927609400DE5B44 /* HomeView.swift */ = {isa = PBXFileReference; lastKnownFileType = sourcecode.swift; path = HomeView.swift; sourceTree = "<group>"; };
		D701F9302927616600DE5B44 /* ScreenHelper.swift */ = {isa = PBXFileReference; lastKnownFileType = sourcecode.swift; path = ScreenHelper.swift; sourceTree = "<group>"; };
		D701F9332927BA5700DE5B44 /* Section.swift */ = {isa = PBXFileReference; lastKnownFileType = sourcecode.swift; path = Section.swift; sourceTree = "<group>"; };
		D733C9A9291B8B0B007B7DBB /* Color+Extensions.swift */ = {isa = PBXFileReference; lastKnownFileType = sourcecode.swift; path = "Color+Extensions.swift"; sourceTree = "<group>"; };
		D733C9AB291B8B18007B7DBB /* Image+Exensions.swift */ = {isa = PBXFileReference; lastKnownFileType = sourcecode.swift; path = "Image+Exensions.swift"; sourceTree = "<group>"; };
		D7364DB929266F8C007B5239 /* MenuView.swift */ = {isa = PBXFileReference; lastKnownFileType = sourcecode.swift; path = MenuView.swift; sourceTree = "<group>"; };
		D7364DBB29268D4C007B5239 /* Home.swift */ = {isa = PBXFileReference; lastKnownFileType = sourcecode.swift; path = Home.swift; sourceTree = "<group>"; };
		D7E25638291A9C74008509DB /* Courses.app */ = {isa = PBXFileReference; explicitFileType = wrapper.application; includeInIndex = 0; path = Courses.app; sourceTree = BUILT_PRODUCTS_DIR; };
		D7E2563B291A9C74008509DB /* CoursesApp.swift */ = {isa = PBXFileReference; lastKnownFileType = sourcecode.swift; path = CoursesApp.swift; sourceTree = "<group>"; };
		D7E2563D291A9C74008509DB /* ContentView.swift */ = {isa = PBXFileReference; lastKnownFileType = sourcecode.swift; path = ContentView.swift; sourceTree = "<group>"; };
		D7E2563F291A9C76008509DB /* Assets.xcassets */ = {isa = PBXFileReference; lastKnownFileType = folder.assetcatalog; path = Assets.xcassets; sourceTree = "<group>"; };
		D7E25642291A9C76008509DB /* Preview Assets.xcassets */ = {isa = PBXFileReference; lastKnownFileType = folder.assetcatalog; path = "Preview Assets.xcassets"; sourceTree = "<group>"; };
		D7E25648291A9C77008509DB /* CoursesTests.xctest */ = {isa = PBXFileReference; explicitFileType = wrapper.cfbundle; includeInIndex = 0; path = CoursesTests.xctest; sourceTree = BUILT_PRODUCTS_DIR; };
		D7E2564C291A9C77008509DB /* CoursesTests.swift */ = {isa = PBXFileReference; lastKnownFileType = sourcecode.swift; path = CoursesTests.swift; sourceTree = "<group>"; };
		D7E25652291A9C77008509DB /* CoursesUITests.xctest */ = {isa = PBXFileReference; explicitFileType = wrapper.cfbundle; includeInIndex = 0; path = CoursesUITests.xctest; sourceTree = BUILT_PRODUCTS_DIR; };
		D7E25656291A9C77008509DB /* CoursesUITests.swift */ = {isa = PBXFileReference; lastKnownFileType = sourcecode.swift; path = CoursesUITests.swift; sourceTree = "<group>"; };
		D7E25658291A9C77008509DB /* CoursesUITestsLaunchTests.swift */ = {isa = PBXFileReference; lastKnownFileType = sourcecode.swift; path = CoursesUITestsLaunchTests.swift; sourceTree = "<group>"; };
/* End PBXFileReference section */

/* Begin PBXFrameworksBuildPhase section */
		D7E25635291A9C74008509DB /* Frameworks */ = {
			isa = PBXFrameworksBuildPhase;
			buildActionMask = 2147483647;
			files = (
			);
			runOnlyForDeploymentPostprocessing = 0;
		};
		D7E25645291A9C77008509DB /* Frameworks */ = {
			isa = PBXFrameworksBuildPhase;
			buildActionMask = 2147483647;
			files = (
			);
			runOnlyForDeploymentPostprocessing = 0;
		};
		D7E2564F291A9C77008509DB /* Frameworks */ = {
			isa = PBXFrameworksBuildPhase;
			buildActionMask = 2147483647;
			files = (
			);
			runOnlyForDeploymentPostprocessing = 0;
		};
/* End PBXFrameworksBuildPhase section */

/* Begin PBXGroup section */
		D701F92F2927615800DE5B44 /* Helpers */ = {
			isa = PBXGroup;
			children = (
				D701F9302927616600DE5B44 /* ScreenHelper.swift */,
			);
			path = Helpers;
			sourceTree = "<group>";
		};
		D701F9322927BA4900DE5B44 /* Models */ = {
			isa = PBXGroup;
			children = (
				D701F9332927BA5700DE5B44 /* Section.swift */,
			);
			path = Models;
			sourceTree = "<group>";
		};
		D733C9A8291B8AF8007B7DBB /* Extensions */ = {
			isa = PBXGroup;
			children = (
				D733C9A9291B8B0B007B7DBB /* Color+Extensions.swift */,
				D733C9AB291B8B18007B7DBB /* Image+Exensions.swift */,
			);
			path = Extensions;
			sourceTree = "<group>";
		};
		D7E2562F291A9C74008509DB = {
			isa = PBXGroup;
			children = (
				D7E2563A291A9C74008509DB /* Courses */,
				D7E2564B291A9C77008509DB /* CoursesTests */,
				D7E25655291A9C77008509DB /* CoursesUITests */,
				D7E25639291A9C74008509DB /* Products */,
			);
			sourceTree = "<group>";
		};
		D7E25639291A9C74008509DB /* Products */ = {
			isa = PBXGroup;
			children = (
				D7E25638291A9C74008509DB /* Courses.app */,
				D7E25648291A9C77008509DB /* CoursesTests.xctest */,
				D7E25652291A9C77008509DB /* CoursesUITests.xctest */,
			);
			name = Products;
			sourceTree = "<group>";
		};
		D7E2563A291A9C74008509DB /* Courses */ = {
			isa = PBXGroup;
			children = (
				D701F9322927BA4900DE5B44 /* Models */,
				D701F92F2927615800DE5B44 /* Helpers */,
				D733C9A8291B8AF8007B7DBB /* Extensions */,
				D7E2563B291A9C74008509DB /* CoursesApp.swift */,
				D7E2563D291A9C74008509DB /* ContentView.swift */,
				D7364DB929266F8C007B5239 /* MenuView.swift */,
				D7364DBB29268D4C007B5239 /* Home.swift */,
				D701F92C2927609400DE5B44 /* HomeView.swift */,
				D7E2563F291A9C76008509DB /* Assets.xcassets */,
				D7E25641291A9C76008509DB /* Preview Content */,
			);
			path = Courses;
			sourceTree = "<group>";
		};
		D7E25641291A9C76008509DB /* Preview Content */ = {
			isa = PBXGroup;
			children = (
				D7E25642291A9C76008509DB /* Preview Assets.xcassets */,
			);
			path = "Preview Content";
			sourceTree = "<group>";
		};
		D7E2564B291A9C77008509DB /* CoursesTests */ = {
			isa = PBXGroup;
			children = (
				D7E2564C291A9C77008509DB /* CoursesTests.swift */,
			);
			path = CoursesTests;
			sourceTree = "<group>";
		};
		D7E25655291A9C77008509DB /* CoursesUITests */ = {
			isa = PBXGroup;
			children = (
				D7E25656291A9C77008509DB /* CoursesUITests.swift */,
				D7E25658291A9C77008509DB /* CoursesUITestsLaunchTests.swift */,
			);
			path = CoursesUITests;
			sourceTree = "<group>";
		};
/* End PBXGroup section */

/* Begin PBXNativeTarget section */
		D7E25637291A9C74008509DB /* Courses */ = {
			isa = PBXNativeTarget;
			buildConfigurationList = D7E2565C291A9C77008509DB /* Build configuration list for PBXNativeTarget "Courses" */;
			buildPhases = (
				D7E25634291A9C74008509DB /* Sources */,
				D7E25635291A9C74008509DB /* Frameworks */,
				D7E25636291A9C74008509DB /* Resources */,
			);
			buildRules = (
			);
			dependencies = (
			);
			name = Courses;
			productName = Courses;
			productReference = D7E25638291A9C74008509DB /* Courses.app */;
			productType = "com.apple.product-type.application";
		};
		D7E25647291A9C77008509DB /* CoursesTests */ = {
			isa = PBXNativeTarget;
			buildConfigurationList = D7E2565F291A9C77008509DB /* Build configuration list for PBXNativeTarget "CoursesTests" */;
			buildPhases = (
				D7E25644291A9C77008509DB /* Sources */,
				D7E25645291A9C77008509DB /* Frameworks */,
				D7E25646291A9C77008509DB /* Resources */,
			);
			buildRules = (
			);
			dependencies = (
				D7E2564A291A9C77008509DB /* PBXTargetDependency */,
			);
			name = CoursesTests;
			productName = CoursesTests;
			productReference = D7E25648291A9C77008509DB /* CoursesTests.xctest */;
			productType = "com.apple.product-type.bundle.unit-test";
		};
		D7E25651291A9C77008509DB /* CoursesUITests */ = {
			isa = PBXNativeTarget;
			buildConfigurationList = D7E25662291A9C77008509DB /* Build configuration list for PBXNativeTarget "CoursesUITests" */;
			buildPhases = (
				D7E2564E291A9C77008509DB /* Sources */,
				D7E2564F291A9C77008509DB /* Frameworks */,
				D7E25650291A9C77008509DB /* Resources */,
			);
			buildRules = (
			);
			dependencies = (
				D7E25654291A9C77008509DB /* PBXTargetDependency */,
			);
			name = CoursesUITests;
			productName = CoursesUITests;
			productReference = D7E25652291A9C77008509DB /* CoursesUITests.xctest */;
			productType = "com.apple.product-type.bundle.ui-testing";
		};
/* End PBXNativeTarget section */

/* Begin PBXProject section */
		D7E25630291A9C74008509DB /* Project object */ = {
			isa = PBXProject;
			attributes = {
				BuildIndependentTargetsInParallel = 1;
				LastSwiftUpdateCheck = 1410;
				LastUpgradeCheck = 1410;
				TargetAttributes = {
					D7E25637291A9C74008509DB = {
						CreatedOnToolsVersion = 14.1;
					};
					D7E25647291A9C77008509DB = {
						CreatedOnToolsVersion = 14.1;
						TestTargetID = D7E25637291A9C74008509DB;
					};
					D7E25651291A9C77008509DB = {
						CreatedOnToolsVersion = 14.1;
						TestTargetID = D7E25637291A9C74008509DB;
					};
				};
			};
			buildConfigurationList = D7E25633291A9C74008509DB /* Build configuration list for PBXProject "Courses" */;
			compatibilityVersion = "Xcode 14.0";
			developmentRegion = en;
			hasScannedForEncodings = 0;
			knownRegions = (
				en,
				Base,
			);
			mainGroup = D7E2562F291A9C74008509DB;
			productRefGroup = D7E25639291A9C74008509DB /* Products */;
			projectDirPath = "";
			projectRoot = "";
			targets = (
				D7E25637291A9C74008509DB /* Courses */,
				D7E25647291A9C77008509DB /* CoursesTests */,
				D7E25651291A9C77008509DB /* CoursesUITests */,
			);
		};
/* End PBXProject section */

/* Begin PBXResourcesBuildPhase section */
		D7E25636291A9C74008509DB /* Resources */ = {
			isa = PBXResourcesBuildPhase;
			buildActionMask = 2147483647;
			files = (
				D7E25643291A9C76008509DB /* Preview Assets.xcassets in Resources */,
				D7E25640291A9C76008509DB /* Assets.xcassets in Resources */,
			);
			runOnlyForDeploymentPostprocessing = 0;
		};
		D7E25646291A9C77008509DB /* Resources */ = {
			isa = PBXResourcesBuildPhase;
			buildActionMask = 2147483647;
			files = (
			);
			runOnlyForDeploymentPostprocessing = 0;
		};
		D7E25650291A9C77008509DB /* Resources */ = {
			isa = PBXResourcesBuildPhase;
			buildActionMask = 2147483647;
			files = (
			);
			runOnlyForDeploymentPostprocessing = 0;
		};
/* End PBXResourcesBuildPhase section */

/* Begin PBXSourcesBuildPhase section */
		D7E25634291A9C74008509DB /* Sources */ = {
			isa = PBXSourcesBuildPhase;
			buildActionMask = 2147483647;
			files = (
				D701F9342927BA5700DE5B44 /* Section.swift in Sources */,
				D7364DBA29266F8C007B5239 /* MenuView.swift in Sources */,
				D701F92D2927609400DE5B44 /* HomeView.swift in Sources */,
				D7E2563E291A9C74008509DB /* ContentView.swift in Sources */,
				D7E2563C291A9C74008509DB /* CoursesApp.swift in Sources */,
				D733C9AC291B8B18007B7DBB /* Image+Exensions.swift in Sources */,
				D7364DBC29268D4C007B5239 /* Home.swift in Sources */,
				D733C9AA291B8B0B007B7DBB /* Color+Extensions.swift in Sources */,
				D701F9312927616600DE5B44 /* ScreenHelper.swift in Sources */,
			);
			runOnlyForDeploymentPostprocessing = 0;
		};
		D7E25644291A9C77008509DB /* Sources */ = {
			isa = PBXSourcesBuildPhase;
			buildActionMask = 2147483647;
			files = (
				D7E2564D291A9C77008509DB /* CoursesTests.swift in Sources */,
			);
			runOnlyForDeploymentPostprocessing = 0;
		};
		D7E2564E291A9C77008509DB /* Sources */ = {
			isa = PBXSourcesBuildPhase;
			buildActionMask = 2147483647;
			files = (
				D7E25657291A9C77008509DB /* CoursesUITests.swift in Sources */,
				D7E25659291A9C77008509DB /* CoursesUITestsLaunchTests.swift in Sources */,
			);
			runOnlyForDeploymentPostprocessing = 0;
		};
/* End PBXSourcesBuildPhase section */

/* Begin PBXTargetDependency section */
		D7E2564A291A9C77008509DB /* PBXTargetDependency */ = {
			isa = PBXTargetDependency;
			target = D7E25637291A9C74008509DB /* Courses */;
			targetProxy = D7E25649291A9C77008509DB /* PBXContainerItemProxy */;
		};
		D7E25654291A9C77008509DB /* PBXTargetDependency */ = {
			isa = PBXTargetDependency;
			target = D7E25637291A9C74008509DB /* Courses */;
			targetProxy = D7E25653291A9C77008509DB /* PBXContainerItemProxy */;
		};
/* End PBXTargetDependency section */

/* Begin XCBuildConfiguration section */
		D7E2565A291A9C77008509DB /* Debug */ = {
			isa = XCBuildConfiguration;
			buildSettings = {
				ALWAYS_SEARCH_USER_PATHS = NO;
				CLANG_ANALYZER_NONNULL = YES;
				CLANG_ANALYZER_NUMBER_OBJECT_CONVERSION = YES_AGGRESSIVE;
				CLANG_CXX_LANGUAGE_STANDARD = "gnu++20";
				CLANG_ENABLE_MODULES = YES;
				CLANG_ENABLE_OBJC_ARC = YES;
				CLANG_ENABLE_OBJC_WEAK = YES;
				CLANG_WARN_BLOCK_CAPTURE_AUTORELEASING = YES;
				CLANG_WARN_BOOL_CONVERSION = YES;
				CLANG_WARN_COMMA = YES;
				CLANG_WARN_CONSTANT_CONVERSION = YES;
				CLANG_WARN_DEPRECATED_OBJC_IMPLEMENTATIONS = YES;
				CLANG_WARN_DIRECT_OBJC_ISA_USAGE = YES_ERROR;
				CLANG_WARN_DOCUMENTATION_COMMENTS = YES;
				CLANG_WARN_EMPTY_BODY = YES;
				CLANG_WARN_ENUM_CONVERSION = YES;
				CLANG_WARN_INFINITE_RECURSION = YES;
				CLANG_WARN_INT_CONVERSION = YES;
				CLANG_WARN_NON_LITERAL_NULL_CONVERSION = YES;
				CLANG_WARN_OBJC_IMPLICIT_RETAIN_SELF = YES;
				CLANG_WARN_OBJC_LITERAL_CONVERSION = YES;
				CLANG_WARN_OBJC_ROOT_CLASS = YES_ERROR;
				CLANG_WARN_QUOTED_INCLUDE_IN_FRAMEWORK_HEADER = YES;
				CLANG_WARN_RANGE_LOOP_ANALYSIS = YES;
				CLANG_WARN_STRICT_PROTOTYPES = YES;
				CLANG_WARN_SUSPICIOUS_MOVE = YES;
				CLANG_WARN_UNGUARDED_AVAILABILITY = YES_AGGRESSIVE;
				CLANG_WARN_UNREACHABLE_CODE = YES;
				CLANG_WARN__DUPLICATE_METHOD_MATCH = YES;
				COPY_PHASE_STRIP = NO;
				DEBUG_INFORMATION_FORMAT = dwarf;
				ENABLE_STRICT_OBJC_MSGSEND = YES;
				ENABLE_TESTABILITY = YES;
				GCC_C_LANGUAGE_STANDARD = gnu11;
				GCC_DYNAMIC_NO_PIC = NO;
				GCC_NO_COMMON_BLOCKS = YES;
				GCC_OPTIMIZATION_LEVEL = 0;
				GCC_PREPROCESSOR_DEFINITIONS = (
					"DEBUG=1",
					"$(inherited)",
				);
				GCC_WARN_64_TO_32_BIT_CONVERSION = YES;
				GCC_WARN_ABOUT_RETURN_TYPE = YES_ERROR;
				GCC_WARN_UNDECLARED_SELECTOR = YES;
				GCC_WARN_UNINITIALIZED_AUTOS = YES_AGGRESSIVE;
				GCC_WARN_UNUSED_FUNCTION = YES;
				GCC_WARN_UNUSED_VARIABLE = YES;
				IPHONEOS_DEPLOYMENT_TARGET = 16.1;
				MTL_ENABLE_DEBUG_INFO = INCLUDE_SOURCE;
				MTL_FAST_MATH = YES;
				ONLY_ACTIVE_ARCH = YES;
				SDKROOT = iphoneos;
				SWIFT_ACTIVE_COMPILATION_CONDITIONS = DEBUG;
				SWIFT_OPTIMIZATION_LEVEL = "-Onone";
			};
			name = Debug;
		};
		D7E2565B291A9C77008509DB /* Release */ = {
			isa = XCBuildConfiguration;
			buildSettings = {
				ALWAYS_SEARCH_USER_PATHS = NO;
				CLANG_ANALYZER_NONNULL = YES;
				CLANG_ANALYZER_NUMBER_OBJECT_CONVERSION = YES_AGGRESSIVE;
				CLANG_CXX_LANGUAGE_STANDARD = "gnu++20";
				CLANG_ENABLE_MODULES = YES;
				CLANG_ENABLE_OBJC_ARC = YES;
				CLANG_ENABLE_OBJC_WEAK = YES;
				CLANG_WARN_BLOCK_CAPTURE_AUTORELEASING = YES;
				CLANG_WARN_BOOL_CONVERSION = YES;
				CLANG_WARN_COMMA = YES;
				CLANG_WARN_CONSTANT_CONVERSION = YES;
				CLANG_WARN_DEPRECATED_OBJC_IMPLEMENTATIONS = YES;
				CLANG_WARN_DIRECT_OBJC_ISA_USAGE = YES_ERROR;
				CLANG_WARN_DOCUMENTATION_COMMENTS = YES;
				CLANG_WARN_EMPTY_BODY = YES;
				CLANG_WARN_ENUM_CONVERSION = YES;
				CLANG_WARN_INFINITE_RECURSION = YES;
				CLANG_WARN_INT_CONVERSION = YES;
				CLANG_WARN_NON_LITERAL_NULL_CONVERSION = YES;
				CLANG_WARN_OBJC_IMPLICIT_RETAIN_SELF = YES;
				CLANG_WARN_OBJC_LITERAL_CONVERSION = YES;
				CLANG_WARN_OBJC_ROOT_CLASS = YES_ERROR;
				CLANG_WARN_QUOTED_INCLUDE_IN_FRAMEWORK_HEADER = YES;
				CLANG_WARN_RANGE_LOOP_ANALYSIS = YES;
				CLANG_WARN_STRICT_PROTOTYPES = YES;
				CLANG_WARN_SUSPICIOUS_MOVE = YES;
				CLANG_WARN_UNGUARDED_AVAILABILITY = YES_AGGRESSIVE;
				CLANG_WARN_UNREACHABLE_CODE = YES;
				CLANG_WARN__DUPLICATE_METHOD_MATCH = YES;
				COPY_PHASE_STRIP = NO;
				DEBUG_INFORMATION_FORMAT = "dwarf-with-dsym";
				ENABLE_NS_ASSERTIONS = NO;
				ENABLE_STRICT_OBJC_MSGSEND = YES;
				GCC_C_LANGUAGE_STANDARD = gnu11;
				GCC_NO_COMMON_BLOCKS = YES;
				GCC_WARN_64_TO_32_BIT_CONVERSION = YES;
				GCC_WARN_ABOUT_RETURN_TYPE = YES_ERROR;
				GCC_WARN_UNDECLARED_SELECTOR = YES;
				GCC_WARN_UNINITIALIZED_AUTOS = YES_AGGRESSIVE;
				GCC_WARN_UNUSED_FUNCTION = YES;
				GCC_WARN_UNUSED_VARIABLE = YES;
				IPHONEOS_DEPLOYMENT_TARGET = 16.1;
				MTL_ENABLE_DEBUG_INFO = NO;
				MTL_FAST_MATH = YES;
				SDKROOT = iphoneos;
				SWIFT_COMPILATION_MODE = wholemodule;
				SWIFT_OPTIMIZATION_LEVEL = "-O";
				VALIDATE_PRODUCT = YES;
			};
			name = Release;
		};
		D7E2565D291A9C77008509DB /* Debug */ = {
			isa = XCBuildConfiguration;
			buildSettings = {
				ASSETCATALOG_COMPILER_APPICON_NAME = AppIcon;
				ASSETCATALOG_COMPILER_GLOBAL_ACCENT_COLOR_NAME = AccentColor;
				CODE_SIGN_STYLE = Automatic;
				CURRENT_PROJECT_VERSION = 1;
				DEVELOPMENT_ASSET_PATHS = "\"Courses/Preview Content\"";
				DEVELOPMENT_TEAM = 8979BGY7V4;
				ENABLE_PREVIEWS = YES;
				GENERATE_INFOPLIST_FILE = YES;
				INFOPLIST_KEY_UIApplicationSceneManifest_Generation = YES;
				INFOPLIST_KEY_UIApplicationSupportsIndirectInputEvents = YES;
				INFOPLIST_KEY_UILaunchScreen_Generation = YES;
				INFOPLIST_KEY_UISupportedInterfaceOrientations_iPad = "UIInterfaceOrientationPortrait UIInterfaceOrientationPortraitUpsideDown UIInterfaceOrientationLandscapeLeft UIInterfaceOrientationLandscapeRight";
				INFOPLIST_KEY_UISupportedInterfaceOrientations_iPhone = "UIInterfaceOrientationPortrait UIInterfaceOrientationLandscapeLeft UIInterfaceOrientationLandscapeRight";
				LD_RUNPATH_SEARCH_PATHS = (
					"$(inherited)",
					"@executable_path/Frameworks",
				);
				MARKETING_VERSION = 1.0;
				PRODUCT_BUNDLE_IDENTIFIER = com.diag.Courses;
				PRODUCT_NAME = "$(TARGET_NAME)";
				SWIFT_EMIT_LOC_STRINGS = YES;
				SWIFT_VERSION = 5.0;
				TARGETED_DEVICE_FAMILY = "1,2";
			};
			name = Debug;
		};
		D7E2565E291A9C77008509DB /* Release */ = {
			isa = XCBuildConfiguration;
			buildSettings = {
				ASSETCATALOG_COMPILER_APPICON_NAME = AppIcon;
				ASSETCATALOG_COMPILER_GLOBAL_ACCENT_COLOR_NAME = AccentColor;
				CODE_SIGN_STYLE = Automatic;
				CURRENT_PROJECT_VERSION = 1;
				DEVELOPMENT_ASSET_PATHS = "\"Courses/Preview Content\"";
				DEVELOPMENT_TEAM = 8979BGY7V4;
				ENABLE_PREVIEWS = YES;
				GENERATE_INFOPLIST_FILE = YES;
				INFOPLIST_KEY_UIApplicationSceneManifest_Generation = YES;
				INFOPLIST_KEY_UIApplicationSupportsIndirectInputEvents = YES;
				INFOPLIST_KEY_UILaunchScreen_Generation = YES;
				INFOPLIST_KEY_UISupportedInterfaceOrientations_iPad = "UIInterfaceOrientationPortrait UIInterfaceOrientationPortraitUpsideDown UIInterfaceOrientationLandscapeLeft UIInterfaceOrientationLandscapeRight";
				INFOPLIST_KEY_UISupportedInterfaceOrientations_iPhone = "UIInterfaceOrientationPortrait UIInterfaceOrientationLandscapeLeft UIInterfaceOrientationLandscapeRight";
				LD_RUNPATH_SEARCH_PATHS = (
					"$(inherited)",
					"@executable_path/Frameworks",
				);
				MARKETING_VERSION = 1.0;
				PRODUCT_BUNDLE_IDENTIFIER = com.diag.Courses;
				PRODUCT_NAME = "$(TARGET_NAME)";
				SWIFT_EMIT_LOC_STRINGS = YES;
				SWIFT_VERSION = 5.0;
				TARGETED_DEVICE_FAMILY = "1,2";
			};
			name = Release;
		};
		D7E25660291A9C77008509DB /* Debug */ = {
			isa = XCBuildConfiguration;
			buildSettings = {
				ALWAYS_EMBED_SWIFT_STANDARD_LIBRARIES = YES;
				BUNDLE_LOADER = "$(TEST_HOST)";
				CODE_SIGN_STYLE = Automatic;
				CURRENT_PROJECT_VERSION = 1;
				DEVELOPMENT_TEAM = 8979BGY7V4;
				GENERATE_INFOPLIST_FILE = YES;
				IPHONEOS_DEPLOYMENT_TARGET = 16.1;
				MARKETING_VERSION = 1.0;
				PRODUCT_BUNDLE_IDENTIFIER = com.diag.CoursesTests;
				PRODUCT_NAME = "$(TARGET_NAME)";
				SWIFT_EMIT_LOC_STRINGS = NO;
				SWIFT_VERSION = 5.0;
				TARGETED_DEVICE_FAMILY = "1,2";
				TEST_HOST = "$(BUILT_PRODUCTS_DIR)/Courses.app/$(BUNDLE_EXECUTABLE_FOLDER_PATH)/Courses";
			};
			name = Debug;
		};
		D7E25661291A9C77008509DB /* Release */ = {
			isa = XCBuildConfiguration;
			buildSettings = {
				ALWAYS_EMBED_SWIFT_STANDARD_LIBRARIES = YES;
				BUNDLE_LOADER = "$(TEST_HOST)";
				CODE_SIGN_STYLE = Automatic;
				CURRENT_PROJECT_VERSION = 1;
				DEVELOPMENT_TEAM = 8979BGY7V4;
				GENERATE_INFOPLIST_FILE = YES;
				IPHONEOS_DEPLOYMENT_TARGET = 16.1;
				MARKETING_VERSION = 1.0;
				PRODUCT_BUNDLE_IDENTIFIER = com.diag.CoursesTests;
				PRODUCT_NAME = "$(TARGET_NAME)";
				SWIFT_EMIT_LOC_STRINGS = NO;
				SWIFT_VERSION = 5.0;
				TARGETED_DEVICE_FAMILY = "1,2";
				TEST_HOST = "$(BUILT_PRODUCTS_DIR)/Courses.app/$(BUNDLE_EXECUTABLE_FOLDER_PATH)/Courses";
			};
			name = Release;
		};
		D7E25663291A9C77008509DB /* Debug */ = {
			isa = XCBuildConfiguration;
			buildSettings = {
				ALWAYS_EMBED_SWIFT_STANDARD_LIBRARIES = YES;
				CODE_SIGN_STYLE = Automatic;
				CURRENT_PROJECT_VERSION = 1;
				DEVELOPMENT_TEAM = 8979BGY7V4;
				GENERATE_INFOPLIST_FILE = YES;
				MARKETING_VERSION = 1.0;
				PRODUCT_BUNDLE_IDENTIFIER = com.diag.CoursesUITests;
				PRODUCT_NAME = "$(TARGET_NAME)";
				SWIFT_EMIT_LOC_STRINGS = NO;
				SWIFT_VERSION = 5.0;
				TARGETED_DEVICE_FAMILY = "1,2";
				TEST_TARGET_NAME = Courses;
			};
			name = Debug;
		};
		D7E25664291A9C77008509DB /* Release */ = {
			isa = XCBuildConfiguration;
			buildSettings = {
				ALWAYS_EMBED_SWIFT_STANDARD_LIBRARIES = YES;
				CODE_SIGN_STYLE = Automatic;
				CURRENT_PROJECT_VERSION = 1;
				DEVELOPMENT_TEAM = 8979BGY7V4;
				GENERATE_INFOPLIST_FILE = YES;
				MARKETING_VERSION = 1.0;
				PRODUCT_BUNDLE_IDENTIFIER = com.diag.CoursesUITests;
				PRODUCT_NAME = "$(TARGET_NAME)";
				SWIFT_EMIT_LOC_STRINGS = NO;
				SWIFT_VERSION = 5.0;
				TARGETED_DEVICE_FAMILY = "1,2";
				TEST_TARGET_NAME = Courses;
			};
			name = Release;
		};
/* End XCBuildConfiguration section */

/* Begin XCConfigurationList section */
		D7E25633291A9C74008509DB /* Build configuration list for PBXProject "Courses" */ = {
			isa = XCConfigurationList;
			buildConfigurations = (
				D7E2565A291A9C77008509DB /* Debug */,
				D7E2565B291A9C77008509DB /* Release */,
			);
			defaultConfigurationIsVisible = 0;
			defaultConfigurationName = Release;
		};
		D7E2565C291A9C77008509DB /* Build configuration list for PBXNativeTarget "Courses" */ = {
			isa = XCConfigurationList;
			buildConfigurations = (
				D7E2565D291A9C77008509DB /* Debug */,
				D7E2565E291A9C77008509DB /* Release */,
			);
			defaultConfigurationIsVisible = 0;
			defaultConfigurationName = Release;
		};
		D7E2565F291A9C77008509DB /* Build configuration list for PBXNativeTarget "CoursesTests" */ = {
			isa = XCConfigurationList;
			buildConfigurations = (
				D7E25660291A9C77008509DB /* Debug */,
				D7E25661291A9C77008509DB /* Release */,
			);
			defaultConfigurationIsVisible = 0;
			defaultConfigurationName = Release;
		};
		D7E25662291A9C77008509DB /* Build configuration list for PBXNativeTarget "CoursesUITests" */ = {
			isa = XCConfigurationList;
			buildConfigurations = (
				D7E25663291A9C77008509DB /* Debug */,
				D7E25664291A9C77008509DB /* Release */,
			);
			defaultConfigurationIsVisible = 0;
			defaultConfigurationName = Release;
		};
/* End XCConfigurationList section */
	};
	rootObject = D7E25630291A9C74008509DB /* Project object */;
}
